# This file was autogenerated by Stack.
# You should not edit this file by hand.
# For more information, please see the documentation at:
#   https://docs.haskellstack.org/en/stable/lock_files

packages:
- completed:
    hackage: ansi-terminal-0.9.1@sha256:48f53532d0f365ffa568c8cf0adc84c66f800a7d80d3329e4f04fa75392f4af1,3225
    pantry-tree:
      size: 1461
      sha256: 4686b1fdd2b74598eb83d35f447e4520d58d6534b5277a6f2bfaaa258bf1f833
  original:
    hackage: ansi-terminal-0.9.1@sha256:48f53532d0f365ffa568c8cf0adc84c66f800a7d80d3329e4f04fa75392f4af1,3225
- completed:
    hackage: cryptonite-0.25@sha256:6942644686c4e316c9f312b51151caba779e35f15fb666d255c802b1a84067ae,16776
    pantry-tree:
      size: 21649
      sha256: e23059e2dfa0bd66e43159cd5dbf9c5af1ed5fa338a4714a9b1e1dce1efc8e6e
  original:
    hackage: cryptonite-0.25@sha256:6942644686c4e316c9f312b51151caba779e35f15fb666d255c802b1a84067ae,16776
- completed:
    hackage: dependent-map-0.4.0.0@sha256:ca2b131046f4340a1c35d138c5a003fe4a5be96b14efc26291ed35fd08c62221,1657
    pantry-tree:
      size: 551
      sha256: 5defa30010904d2ad05a036f3eaf83793506717c93cbeb599f40db1a3632cfc5
  original:
    hackage: dependent-map-0.4.0.0@sha256:ca2b131046f4340a1c35d138c5a003fe4a5be96b14efc26291ed35fd08c62221,1657
- completed:
    hackage: dependent-sum-0.7.1.0@sha256:5599aa89637db434431b1dd3fa7c34bc3d565ee44f0519bfbc877be1927c2531,2068
    pantry-tree:
      size: 290
      sha256: 9cbfb32b5a8a782b7a1c941803fd517633cb699159b851c1d82267a9e9391b50
  original:
    hackage: dependent-sum-0.7.1.0@sha256:5599aa89637db434431b1dd3fa7c34bc3d565ee44f0519bfbc877be1927c2531,2068
- completed:
    hackage: haskell-src-exts-1.21.1@sha256:11d18ec3f463185f81b7819376b532e3087f8192cffc629aac5c9eec88897b35,4541
    pantry-tree:
      size: 95170
      sha256: 487db8defe20a7c8bdf5b4a9a68ec616a4349bdb643f2dc7c9d71e1a6495c8c7
  original:
    hackage: haskell-src-exts-1.21.1@sha256:11d18ec3f463185f81b7819376b532e3087f8192cffc629aac5c9eec88897b35,4541
- completed:
    hackage: network-2.8.0.1@sha256:0f165dffa752d8cde30c2bde86f80609c4f1dc5eeb3182d593041f97839c5b3b,3011
    pantry-tree:
      size: 2488
      sha256: 2dbdda2225969dcd452d983a2ac7e52341e5fc1df76103342c9fac08fc686931
  original:
    hackage: network-2.8.0.1@sha256:0f165dffa752d8cde30c2bde86f80609c4f1dc5eeb3182d593041f97839c5b3b,3011
- completed:
    hackage: sqlite-simple-0.4.18.0@sha256:3ceea56375c0a3590c814e411a4eb86943f8d31b93b110ca159c90689b6b39e5,3002
    pantry-tree:
      size: 1930
      sha256: e58b9955e483d51ee0966f8ba4384305d871480e2a38b32ee0fcd4573d74cf95
  original:
    hackage: sqlite-simple-0.4.18.0@sha256:3ceea56375c0a3590c814e411a4eb86943f8d31b93b110ca159c90689b6b39e5,3002
- completed:
    hackage: constraints-extras-0.3.0.2@sha256:bf6884be65958e9188ae3c9e5547abfd6d201df021bff8a4704c2c4fe1e1ae5b,1784
    pantry-tree:
      size: 594
      sha256: b0bcc96d375ee11b1972a2e9e8e42039b3f420b0e1c46e9c70652470445a6505
  original:
    hackage: constraints-extras-0.3.0.2@sha256:bf6884be65958e9188ae3c9e5547abfd6d201df021bff8a4704c2c4fe1e1ae5b,1784
- completed:
    hackage: direct-sqlite-2.3.26@sha256:04e835402f1508abca383182023e4e2b9b86297b8533afbd4e57d1a5652e0c23,3718
    pantry-tree:
      size: 770
      sha256: 11874ab21e10c5b54cd1e02a037b677dc1e2ee9986f38c599612c56654dc01c3
  original:
    hackage: direct-sqlite-2.3.26@sha256:04e835402f1508abca383182023e4e2b9b86297b8533afbd4e57d1a5652e0c23,3718
snapshots:
- completed:
    size: 496120
    url: https://raw.githubusercontent.com/commercialhaskell/stackage-snapshots/master/lts/15/16.yaml
    sha256: cf30623a2c147f51eecc8f9d6440f5d1b671af21380505e633faff32b565f3d5
  original: lts-15.16
